
Microsoft Visual Studio Solution File, Format Version 12.00
# Visual Studio 2012
Project("{E24C65DC-7377-472B-9ABA-BC803B73C61A}") = "ERP", ".", "{E3D7AD92-9EF9-4243-8469-EE23F8451228}"
	ProjectSection(WebsiteProperties) = preProject
		TargetFrameworkMoniker = ".NETFramework,Version%3Dv4.5"
		Debug.AspNetCompiler.VirtualPath = "/ERP"
		Debug.AspNetCompiler.PhysicalPath = "D:\ftechonolgy\ERP\"
		Debug.AspNetCompiler.TargetPath = "PrecompiledWeb\ERP\"
		Debug.AspNetCompiler.Updateable = "true"
		Debug.AspNetCompiler.ForceOverwrite = "true"
		Debug.AspNetCompiler.FixedNames = "false"
		Debug.AspNetCompiler.Debug = "True"
		Release.AspNetCompiler.VirtualPath = "/ERP"
		Release.AspNetCompiler.PhysicalPath = "D:\ftechonolgy\ERP\"
		Release.AspNetCompiler.TargetPath = "PrecompiledWeb\ERP\"
		Release.AspNetCompiler.Updateable = "true"
		Release.AspNetCompiler.ForceOverwrite = "true"
		Release.AspNetCompiler.FixedNames = "false"
		Release.AspNetCompiler.Debug = "False"
		VWDPort = "49157"
	EndProjectSection
EndProject
Global
	GlobalSection(SolutionConfigurationPlatforms) = preSolution
		Debug|Any CPU = Debug|Any CPU
	EndGlobalSection
	GlobalSection(ProjectConfigurationPlatforms) = postSolution
		{E3D7AD92-9EF9-4243-8469-EE23F8451228}.Debug|Any CPU.ActiveCfg = Debug|Any CPU
		{E3D7AD92-9EF9-4243-8469-EE23F8451228}.Debug|Any CPU.Build.0 = Debug|Any CPU
	EndGlobalSection
	GlobalSection(SolutionProperties) = preSolution
		HideSolutionNode = FALSE
	EndGlobalSection
EndGlobal
